
Microsoft Visual Studio Solution File, Format Version 12.00
# Visual Studio Version 16
VisualStudioVersion = 16.0.32228.343
MinimumVisualStudioVersion = 10.0.40219.1
Project("{FAE04EC0-301F-11D3-BF4B-00C04F79EFBC}") = "Logical Programs-Part1", "Logical Programs-Part1\Logical Programs-Part1.csproj", "{CBA95B16-6438-41DC-960F-207721B8C3F1}"
EndProject
Global
	GlobalSection(SolutionConfigurationPlatforms) = preSolution
		Debug|Any CPU = Debug|Any CPU
		Release|Any CPU = Release|Any CPU
	EndGlobalSection
	GlobalSection(ProjectConfigurationPlatforms) = postSolution
		{CBA95B16-6438-41DC-960F-207721B8C3F1}.Debug|Any CPU.ActiveCfg = Debug|Any CPU
		{CBA95B16-6438-41DC-960F-207721B8C3F1}.Debug|Any CPU.Build.0 = Debug|Any CPU
		{CBA95B16-6438-41DC-960F-207721B8C3F1}.Release|Any CPU.ActiveCfg = Release|Any CPU
		{CBA95B16-6438-41DC-960F-207721B8C3F1}.Release|Any CPU.Build.0 = Release|Any CPU
	EndGlobalSection
	GlobalSection(SolutionProperties) = preSolution
		HideSolutionNode = FALSE
	EndGlobalSection
	GlobalSection(ExtensibilityGlobals) = postSolution
		SolutionGuid = {2F8FC547-908D-47CC-8A14-3016B5FDBB52}
	EndGlobalSection
EndGlobal
